
Microsoft Visual Studio Solution File, Format Version 12.00
# Visual Studio Version 17
VisualStudioVersion = 17.2.32616.157
MinimumVisualStudioVersion = 10.0.40219.1
Project("{FAE04EC0-301F-11D3-BF4B-00C04F79EFBC}") = "IntroMVC", "IntroMVC\IntroMVC.csproj", "{BADBF96C-2DEA-4CCC-98D3-8237DCA4FABE}"
EndProject
Global
	GlobalSection(SolutionConfigurationPlatforms) = preSolution
		Debug|Any CPU = Debug|Any CPU
		Release|Any CPU = Release|Any CPU
	EndGlobalSection
	GlobalSection(ProjectConfigurationPlatforms) = postSolution
		{BADBF96C-2DEA-4CCC-98D3-8237DCA4FABE}.Debug|Any CPU.ActiveCfg = Debug|Any CPU
		{BADBF96C-2DEA-4CCC-98D3-8237DCA4FABE}.Debug|Any CPU.Build.0 = Debug|Any CPU
		{BADBF96C-2DEA-4CCC-98D3-8237DCA4FABE}.Release|Any CPU.ActiveCfg = Release|Any CPU
		{BADBF96C-2DEA-4CCC-98D3-8237DCA4FABE}.Release|Any CPU.Build.0 = Release|Any CPU
	EndGlobalSection
	GlobalSection(SolutionProperties) = preSolution
		HideSolutionNode = FALSE
	EndGlobalSection
	GlobalSection(ExtensibilityGlobals) = postSolution
		SolutionGuid = {92A248A6-A4DA-4812-80DF-793A7123468B}
	EndGlobalSection
EndGlobal
