
Microsoft Visual Studio Solution File, Format Version 12.00
# Visual Studio Version 17
VisualStudioVersion = 17.2.32616.157
MinimumVisualStudioVersion = 10.0.40219.1
Project("{FAE04EC0-301F-11D3-BF4B-00C04F79EFBC}") = "WebAPIAppLayer", "WebAPIAppLayer\WebAPIAppLayer.csproj", "{DE55FC9A-F393-4D6B-9944-229B7526D5FC}"
EndProject
Project("{FAE04EC0-301F-11D3-BF4B-00C04F79EFBC}") = "BLL", "BLL\BLL.csproj", "{DC619F67-2A71-4817-89F4-2AE9D40869BE}"
EndProject
Project("{FAE04EC0-301F-11D3-BF4B-00C04F79EFBC}") = "DAL", "DAL\DAL.csproj", "{6D902280-E94C-450B-8FA3-62753F4E8B9C}"
EndProject
Global
	GlobalSection(SolutionConfigurationPlatforms) = preSolution
		Debug|Any CPU = Debug|Any CPU
		Release|Any CPU = Release|Any CPU
	EndGlobalSection
	GlobalSection(ProjectConfigurationPlatforms) = postSolution
		{DE55FC9A-F393-4D6B-9944-229B7526D5FC}.Debug|Any CPU.ActiveCfg = Debug|Any CPU
		{DE55FC9A-F393-4D6B-9944-229B7526D5FC}.Debug|Any CPU.Build.0 = Debug|Any CPU
		{DE55FC9A-F393-4D6B-9944-229B7526D5FC}.Release|Any CPU.ActiveCfg = Release|Any CPU
		{DE55FC9A-F393-4D6B-9944-229B7526D5FC}.Release|Any CPU.Build.0 = Release|Any CPU
		{DC619F67-2A71-4817-89F4-2AE9D40869BE}.Debug|Any CPU.ActiveCfg = Debug|Any CPU
		{DC619F67-2A71-4817-89F4-2AE9D40869BE}.Debug|Any CPU.Build.0 = Debug|Any CPU
		{DC619F67-2A71-4817-89F4-2AE9D40869BE}.Release|Any CPU.ActiveCfg = Release|Any CPU
		{DC619F67-2A71-4817-89F4-2AE9D40869BE}.Release|Any CPU.Build.0 = Release|Any CPU
		{6D902280-E94C-450B-8FA3-62753F4E8B9C}.Debug|Any CPU.ActiveCfg = Debug|Any CPU
		{6D902280-E94C-450B-8FA3-62753F4E8B9C}.Debug|Any CPU.Build.0 = Debug|Any CPU
		{6D902280-E94C-450B-8FA3-62753F4E8B9C}.Release|Any CPU.ActiveCfg = Release|Any CPU
		{6D902280-E94C-450B-8FA3-62753F4E8B9C}.Release|Any CPU.Build.0 = Release|Any CPU
	EndGlobalSection
	GlobalSection(SolutionProperties) = preSolution
		HideSolutionNode = FALSE
	EndGlobalSection
	GlobalSection(ExtensibilityGlobals) = postSolution
		SolutionGuid = {D3D54B7A-768A-4DC6-BD91-93C7AFF2ED94}
	EndGlobalSection
EndGlobal
